
Microsoft Visual Studio Solution File, Format Version 12.00
# Visual Studio Version 16
VisualStudioVersion = 16.0.29728.190
MinimumVisualStudioVersion = 10.0.40219.1
Project("{FAE04EC0-301F-11D3-BF4B-00C04F79EFBC}") = "NewVideoRentalProject", "NewVideoRentalProject\NewVideoRentalProject.csproj", "{12EBF4B8-251E-40A2-936E-072ACB988A26}"
EndProject
Project("{FAE04EC0-301F-11D3-BF4B-00C04F79EFBC}") = "NewVideoRentalTestProject", "NewVideoRentalTestProject\NewVideoRentalTestProject.csproj", "{3BE9F754-9FE4-40B1-B8D7-4C0E5AC3F46E}"
EndProject
Global
	GlobalSection(SolutionConfigurationPlatforms) = preSolution
		Debug|Any CPU = Debug|Any CPU
		Release|Any CPU = Release|Any CPU
	EndGlobalSection
	GlobalSection(ProjectConfigurationPlatforms) = postSolution
		{12EBF4B8-251E-40A2-936E-072ACB988A26}.Debug|Any CPU.ActiveCfg = Debug|Any CPU
		{12EBF4B8-251E-40A2-936E-072ACB988A26}.Debug|Any CPU.Build.0 = Debug|Any CPU
		{12EBF4B8-251E-40A2-936E-072ACB988A26}.Release|Any CPU.ActiveCfg = Release|Any CPU
		{12EBF4B8-251E-40A2-936E-072ACB988A26}.Release|Any CPU.Build.0 = Release|Any CPU
		{3BE9F754-9FE4-40B1-B8D7-4C0E5AC3F46E}.Debug|Any CPU.ActiveCfg = Debug|Any CPU
		{3BE9F754-9FE4-40B1-B8D7-4C0E5AC3F46E}.Debug|Any CPU.Build.0 = Debug|Any CPU
		{3BE9F754-9FE4-40B1-B8D7-4C0E5AC3F46E}.Release|Any CPU.ActiveCfg = Release|Any CPU
		{3BE9F754-9FE4-40B1-B8D7-4C0E5AC3F46E}.Release|Any CPU.Build.0 = Release|Any CPU
	EndGlobalSection
	GlobalSection(SolutionProperties) = preSolution
		HideSolutionNode = FALSE
	EndGlobalSection
	GlobalSection(ExtensibilityGlobals) = postSolution
		SolutionGuid = {0BDFA207-5382-43A8-90E3-67ED60D9E079}
	EndGlobalSection
EndGlobal
